
Microsoft Visual Studio Solution File, Format Version 12.00
# Visual Studio Version 16
VisualStudioVersion = 16.0.30011.22
MinimumVisualStudioVersion = 10.0.40219.1
Project("{FAE04EC0-301F-11D3-BF4B-00C04F79EFBC}") = "jsonserialize", "jsonserialize\jsonserialize.csproj", "{7A49E149-6154-4E44-95C0-FF9156C2A55A}"
EndProject
Global
	GlobalSection(SolutionConfigurationPlatforms) = preSolution
		Debug|Any CPU = Debug|Any CPU
		Release|Any CPU = Release|Any CPU
	EndGlobalSection
	GlobalSection(ProjectConfigurationPlatforms) = postSolution
		{7A49E149-6154-4E44-95C0-FF9156C2A55A}.Debug|Any CPU.ActiveCfg = Debug|Any CPU
		{7A49E149-6154-4E44-95C0-FF9156C2A55A}.Debug|Any CPU.Build.0 = Debug|Any CPU
		{7A49E149-6154-4E44-95C0-FF9156C2A55A}.Release|Any CPU.ActiveCfg = Release|Any CPU
		{7A49E149-6154-4E44-95C0-FF9156C2A55A}.Release|Any CPU.Build.0 = Release|Any CPU
	EndGlobalSection
	GlobalSection(SolutionProperties) = preSolution
		HideSolutionNode = FALSE
	EndGlobalSection
	GlobalSection(ExtensibilityGlobals) = postSolution
		SolutionGuid = {59732545-99EF-4DEF-B365-84A9CD1650B1}
	EndGlobalSection
EndGlobal
